
Microsoft Visual Studio Solution File, Format Version 12.00
# Visual Studio 15
VisualStudioVersion = 15.0.28010.2048
MinimumVisualStudioVersion = 10.0.40219.1
Project("{8BC9CEB8-8B4A-11D0-8D11-00A0C91BC942}") = "PrimeNumbers", "PrimeNumbers\PrimeNumbers.vcxproj", "{897BF2BC-5712-4BCD-8489-F06C02B8A303}"
EndProject
Global
	GlobalSection(SolutionConfigurationPlatforms) = preSolution
		Debug|x64 = Debug|x64
		Debug|x86 = Debug|x86
		Release|x64 = Release|x64
		Release|x86 = Release|x86
	EndGlobalSection
	GlobalSection(ProjectConfigurationPlatforms) = postSolution
		{897BF2BC-5712-4BCD-8489-F06C02B8A303}.Debug|x64.ActiveCfg = Debug|x64
		{897BF2BC-5712-4BCD-8489-F06C02B8A303}.Debug|x64.Build.0 = Debug|x64
		{897BF2BC-5712-4BCD-8489-F06C02B8A303}.Debug|x86.ActiveCfg = Debug|Win32
		{897BF2BC-5712-4BCD-8489-F06C02B8A303}.Debug|x86.Build.0 = Debug|Win32
		{897BF2BC-5712-4BCD-8489-F06C02B8A303}.Release|x64.ActiveCfg = Release|x64
		{897BF2BC-5712-4BCD-8489-F06C02B8A303}.Release|x64.Build.0 = Release|x64
		{897BF2BC-5712-4BCD-8489-F06C02B8A303}.Release|x86.ActiveCfg = Release|Win32
		{897BF2BC-5712-4BCD-8489-F06C02B8A303}.Release|x86.Build.0 = Release|Win32
	EndGlobalSection
	GlobalSection(SolutionProperties) = preSolution
		HideSolutionNode = FALSE
	EndGlobalSection
	GlobalSection(ExtensibilityGlobals) = postSolution
		SolutionGuid = {E24C4203-25A1-4F29-885B-AA23F5631254}
	EndGlobalSection
EndGlobal
